{
  "originHash" : "26bc5fd0648417a6ecd821e2f2e65a31ed7a708c88e6653d4b4a47a0310d9ad1",
  "pins" : [
    {
      "identity" : "carty-swift-package-manager",
      "kind" : "remoteSourceControl",
      "location" : "https://github.com/cartysdk/Carty-swift-package-manager",
      "state" : {
        "revision" : "8ad49bda61da5b827239cf0812de0fc9ad416cb9",
        "version" : "0.6.1"
      }
    }
  ],
  "version" : 3
}
