{
  "originHash" : "e0a1320c892af914c12f380bc53898b922d4423501f37953af2704387a5e28bd",
  "pins" : [
    {
      "identity" : "carty-swift-package-manager",
      "kind" : "remoteSourceControl",
      "location" : "https://github.com/cartysdk/Carty-swift-package-manager",
      "state" : {
        "revision" : "92f3fae674d8504c115ca41ae9a6bbb201aceef2",
        "version" : "1.0.0"
      }
    }
  ],
  "version" : 3
}
