{
  "originHash" : "e0a1320c892af914c12f380bc53898b922d4423501f37953af2704387a5e28bd",
  "pins" : [
    {
      "identity" : "carty-swift-package-manager",
      "kind" : "remoteSourceControl",
      "location" : "https://github.com/cartysdk/Carty-swift-package-manager.git",
      "state" : {
        "revision" : "9c6d393d0b271e722d086674efbaf00e9b79f7f3",
        "version" : "1.3.0"
      }
    }
  ],
  "version" : 3
}
