{
  "originHash" : "26bc5fd0648417a6ecd821e2f2e65a31ed7a708c88e6653d4b4a47a0310d9ad1",
  "pins" : [
    {
      "identity" : "carty-swift-package-manager",
      "kind" : "remoteSourceControl",
      "location" : "https://github.com/cartysdk/Carty-swift-package-manager",
      "state" : {
        "revision" : "9c6d3853c92277e143597c3c0ce50eee0005656f",
        "version" : "0.6.0"
      }
    }
  ],
  "version" : 3
}
