{
  "originHash" : "26bc5fd0648417a6ecd821e2f2e65a31ed7a708c88e6653d4b4a47a0310d9ad1",
  "pins" : [
    {
      "identity" : "carty-swift-package-manager",
      "kind" : "remoteSourceControl",
      "location" : "https://github.com/cartysdk/Carty-swift-package-manager",
      "state" : {
        "revision" : "56b718fc791e44aa402333744e02c38e71836579",
        "version" : "0.7.0"
      }
    }
  ],
  "version" : 3
}
